# THIS IS AN AUTOGENERATED FILE. DO NOT EDIT THIS FILE DIRECTLY.
# yarn lockfile v1


use-subscription@^1.6.0:
  version "1.6.0"
  resolved "https://registry.yarnpkg.com/use-subscription/-/use-subscription-1.6.0.tgz#86ace4f60675a4c360712975c4933ac95c7e7f35"
  integrity sha512-0Y/cTLlZfw547tJhJMoRA16OUbVqRm6DmvGpiGbmLST6BIA5KU5cKlvlz8DVMrACnWpyEjCkgmhLatthP4jUbA==
